
Microsoft Visual Studio Solution File, Format Version 12.00
# Visual Studio Version 17
VisualStudioVersion = 17.13.35913.81 d17.13
MinimumVisualStudioVersion = 10.0.40219.1
Project("{FAE04EC0-301F-11D3-BF4B-00C04F79EFBC}") = "IS-33", "IS-33\IS-33.csproj", "{2A1EC066-8D64-4284-9B68-1CC391CF5EE3}"
EndProject
Global
	GlobalSection(SolutionConfigurationPlatforms) = preSolution
		Debug|Any CPU = Debug|Any CPU
		Release|Any CPU = Release|Any CPU
	EndGlobalSection
	GlobalSection(ProjectConfigurationPlatforms) = postSolution
		{2A1EC066-8D64-4284-9B68-1CC391CF5EE3}.Debug|Any CPU.ActiveCfg = Debug|Any CPU
		{2A1EC066-8D64-4284-9B68-1CC391CF5EE3}.Debug|Any CPU.Build.0 = Debug|Any CPU
		{2A1EC066-8D64-4284-9B68-1CC391CF5EE3}.Release|Any CPU.ActiveCfg = Release|Any CPU
		{2A1EC066-8D64-4284-9B68-1CC391CF5EE3}.Release|Any CPU.Build.0 = Release|Any CPU
	EndGlobalSection
	GlobalSection(SolutionProperties) = preSolution
		HideSolutionNode = FALSE
	EndGlobalSection
	GlobalSection(ExtensibilityGlobals) = postSolution
		SolutionGuid = {FF37D804-D39C-490D-947B-BF344092813D}
	EndGlobalSection
EndGlobal
